
Microsoft Visual Studio Solution File, Format Version 12.00
# Visual Studio Version 16
VisualStudioVersion = 16.0.29806.167
MinimumVisualStudioVersion = 10.0.40219.1
Project("{FAE04EC0-301F-11D3-BF4B-00C04F79EFBC}") = "eShopSolution.WebApp", "eShopSolution.WebApp\eShopSolution.WebApp.csproj", "{B9ABFD1F-7639-4C8E-A90F-C16C9CE4BF25}"
EndProject
Global
	GlobalSection(SolutionConfigurationPlatforms) = preSolution
		Debug|Any CPU = Debug|Any CPU
		Release|Any CPU = Release|Any CPU
	EndGlobalSection
	GlobalSection(ProjectConfigurationPlatforms) = postSolution
		{B9ABFD1F-7639-4C8E-A90F-C16C9CE4BF25}.Debug|Any CPU.ActiveCfg = Debug|Any CPU
		{B9ABFD1F-7639-4C8E-A90F-C16C9CE4BF25}.Debug|Any CPU.Build.0 = Debug|Any CPU
		{B9ABFD1F-7639-4C8E-A90F-C16C9CE4BF25}.Release|Any CPU.ActiveCfg = Release|Any CPU
		{B9ABFD1F-7639-4C8E-A90F-C16C9CE4BF25}.Release|Any CPU.Build.0 = Release|Any CPU
	EndGlobalSection
	GlobalSection(SolutionProperties) = preSolution
		HideSolutionNode = FALSE
	EndGlobalSection
	GlobalSection(ExtensibilityGlobals) = postSolution
		SolutionGuid = {F278E6BF-7404-40B7-99FA-D26B3EEDBBE9}
	EndGlobalSection
EndGlobal
